Microsoft Visual Studio Solution File, Format Version 12.00
# Visual Studio Version 17
VisualStudioVersion = 17.5.2.0
MinimumVisualStudioVersion = 10.0.40219.1
Project("{FAE04EC0-301F-11D3-BF4B-00C04F79EFBC}") = "Semana", "Semana\Semana.csproj", "{6AC260EB-8D7B-D165-8482-EB1B2FF70B65}"
EndProject
Global
	GlobalSection(SolutionConfigurationPlatforms) = preSolution
		Debug|Any CPU = Debug|Any CPU
		Release|Any CPU = Release|Any CPU
	EndGlobalSection
	GlobalSection(ProjectConfigurationPlatforms) = postSolution
		{6AC260EB-8D7B-D165-8482-EB1B2FF70B65}.Debug|Any CPU.ActiveCfg = Debug|Any CPU
		{6AC260EB-8D7B-D165-8482-EB1B2FF70B65}.Debug|Any CPU.Build.0 = Debug|Any CPU
		{6AC260EB-8D7B-D165-8482-EB1B2FF70B65}.Release|Any CPU.ActiveCfg = Release|Any CPU
		{6AC260EB-8D7B-D165-8482-EB1B2FF70B65}.Release|Any CPU.Build.0 = Release|Any CPU
	EndGlobalSection
	GlobalSection(SolutionProperties) = preSolution
		HideSolutionNode = FALSE
	EndGlobalSection
	GlobalSection(ExtensibilityGlobals) = postSolution
		SolutionGuid = {7639EEE5-219C-4A8C-A7F0-1595EE28C1D6}
	EndGlobalSection
EndGlobal
