Microsoft Visual Studio Solution File, Format Version 12.00
# Visual Studio Version 17
VisualStudioVersion = 17.5.2.0
MinimumVisualStudioVersion = 10.0.40219.1
Project("{FAE04EC0-301F-11D3-BF4B-00C04F79EFBC}") = "Ejerciciotreeswitch", "Ejerciciotreeswitch.csproj", "{77CFC16E-76A5-4B2D-002C-1262ECB60C6F}"
EndProject
Global
	GlobalSection(SolutionConfigurationPlatforms) = preSolution
		Debug|Any CPU = Debug|Any CPU
		Release|Any CPU = Release|Any CPU
	EndGlobalSection
	GlobalSection(ProjectConfigurationPlatforms) = postSolution
		{77CFC16E-76A5-4B2D-002C-1262ECB60C6F}.Debug|Any CPU.ActiveCfg = Debug|Any CPU
		{77CFC16E-76A5-4B2D-002C-1262ECB60C6F}.Debug|Any CPU.Build.0 = Debug|Any CPU
		{77CFC16E-76A5-4B2D-002C-1262ECB60C6F}.Release|Any CPU.ActiveCfg = Release|Any CPU
		{77CFC16E-76A5-4B2D-002C-1262ECB60C6F}.Release|Any CPU.Build.0 = Release|Any CPU
	EndGlobalSection
	GlobalSection(SolutionProperties) = preSolution
		HideSolutionNode = FALSE
	EndGlobalSection
	GlobalSection(ExtensibilityGlobals) = postSolution
		SolutionGuid = {9EB9AE86-AC24-45F1-8075-9D09723482C1}
	EndGlobalSection
EndGlobal
